version = 1
requires-python = ">=3.12"

[[package]]
name = "boto3"
version = "1.36.0"
source = { registry = "https://pypi.org/simple" }
dependencies = [
    { name = "botocore" },
    { name = "jmespath" },
    { name = "s3transfer" },
]
sdist = { url = "https://files.pythonhosted.org/packages/c8/c6/ec86c6eafc942dbddffcaa4eb623373bf94ecf38fab0ab3e7f9fe7051e62/boto3-1.36.0.tar.gz", hash = "sha256:159898f51c2997a12541c0e02d6e5a8fe2993ddb307b9478fd9a339f98b57e00", size = 111035 }
wheels = [
    { url = "https://files.pythonhosted.org/packages/c0/36/b91f560a0ed11f7f90ac59554cbc52340158ce24db879a7c8faa68ff1cef/boto3-1.36.0-py3-none-any.whl", hash = "sha256:d0ca7a58ce25701a52232cc8df9d87854824f1f2964b929305722ebc7959d5a9", size = 139165 },
]

[[package]]
name = "boto3-stubs"
version = "1.36.0"
source = { registry = "https://pypi.org/simple" }
dependencies = [
    { name = "botocore-stubs" },
    { name = "types-s3transfer" },
]
sdist = { url = "https://files.pythonhosted.org/packages/7d/71/d2e9cfb5b00bff546f960a91d4127b7da4c83c556367c806272b007ddb86/boto3_stubs-1.36.0.tar.gz", hash = "sha256:2f766cb3a10000c08464f4894cce607f65704619c96971970fd49a681d0875b3", size = 98586 }
wheels = [
    { url = "https://files.pythonhosted.org/packages/ab/83/5b75d7dd7c5da2982a26d7a5ce24e76bcc060dcb714763fcddb7c7628505/boto3_stubs-1.36.0-py3-none-any.whl", hash = "sha256:87376acbbde3aeeea301aefb1e7725be2aa7b9d7ebcc340a8ce0bdcfa10b8e95", size = 68229 },
]

[package.optional-dependencies]
textract = [
    { name = "mypy-boto3-textract" },
]

[[package]]
name = "botocore"
version = "1.36.0"
source = { registry = "https://pypi.org/simple" }
dependencies = [
    { name = "jmespath" },
    { name = "python-dateutil" },
    { name = "urllib3" },
]
sdist = { url = "https://files.pythonhosted.org/packages/4b/0a/b0e565de60e9cf3ab92aa892b84eb89eec43fef816e39c1f5a2e635755bd/botocore-1.36.0.tar.gz", hash = "sha256:0232029ff9ae3f5b50cdb25cbd257c16f87402b6d31a05bd6483638ee6434c4b", size = 13499529 }
wheels = [
    { url = "https://files.pythonhosted.org/packages/0b/87/c5aa3eeb820937ac1c00c0e2172aaacbfba2b2de2467b8162bef6b6f5b1f/botocore-1.36.0-py3-none-any.whl", hash = "sha256:b54b11f0cfc47fc1243ada0f7f461266c279968487616720fa8ebb02183917d7", size = 13297503 },
]

[[package]]
name = "botocore-stubs"
version = "1.36.0"
source = { registry = "https://pypi.org/simple" }
dependencies = [
    { name = "types-awscrt" },
]
sdist = { url = "https://files.pythonhosted.org/packages/51/78/34f3e0b8575bd03e4007cb4fd8d5c07044559f3f5a8639dcf3ed673424ee/botocore_stubs-1.36.0.tar.gz", hash = "sha256:71f0d0748664db9bf84cca3466aed2427cc46a8dde375395308b0f271a1e719b", size = 41158 }
wheels = [
    { url = "https://files.pythonhosted.org/packages/5f/f6/b76c2772962613e7f1837478012985b40402d9bac6750a8fc99bf9c1b8bc/botocore_stubs-1.36.0-py3-none-any.whl", hash = "sha256:b8d4037a56d449260d10896d5033c3bd5691e05e39cb82a0087b0aa695b24ef9", size = 63996 },
]

[[package]]
name = "jmespath"
version = "1.0.1"
source = { registry = "https://pypi.org/simple" }
sdist = { url = "https://files.pythonhosted.org/packages/00/2a/e867e8531cf3e36b41201936b7fa7ba7b5702dbef42922193f05c8976cd6/jmespath-1.0.1.tar.gz", hash = "sha256:90261b206d6defd58fdd5e85f478bf633a2901798906be2ad389150c5c60edbe", size = 25843 }
wheels = [
    { url = "https://files.pythonhosted.org/packages/31/b4/b9b800c45527aadd64d5b442f9b932b00648617eb5d63d2c7a6587b7cafc/jmespath-1.0.1-py3-none-any.whl", hash = "sha256:02e2e4cc71b5bcab88332eebf907519190dd9e6e82107fa7f83b1003a6252980", size = 20256 },
]

[[package]]
name = "mypy-boto3-textract"
version = "1.36.0"
source = { registry = "https://pypi.org/simple" }
sdist = { url = "https://files.pythonhosted.org/packages/37/89/7a155ce52f0e3b2a102eefd90da1703c5853f218b50e0403f44440d27fe9/mypy_boto3_textract-1.36.0.tar.gz", hash = "sha256:156fe6a17665d75b4430ae9b314d9cd75330a3cc4c7e03f72de99233c1b554c5", size = 21737 }
wheels = [
    { url = "https://files.pythonhosted.org/packages/4d/ff/95a47971185fc12a7992918e672425149ff2414ed4795858b9c98fc4c0a8/mypy_boto3_textract-1.36.0-py3-none-any.whl", hash = "sha256:3e159f84dde59d7c7a321d4f969dc9ffddf0eb3ed29537c6ee243f9504443131", size = 29907 },
]

[[package]]
name = "python-dateutil"
version = "2.9.0.post0"
source = { registry = "https://pypi.org/simple" }
dependencies = [
    { name = "six" },
]
sdist = { url = "https://files.pythonhosted.org/packages/66/c0/0c8b6ad9f17a802ee498c46e004a0eb49bc148f2fd230864601a86dcf6db/python-dateutil-2.9.0.post0.tar.gz", hash = "sha256:37dd54208da7e1cd875388217d5e00ebd4179249f90fb72437e91a35459a0ad3", size = 342432 }
wheels = [
    { url = "https://files.pythonhosted.org/packages/ec/57/56b9bcc3c9c6a792fcbaf139543cee77261f3651ca9da0c93f5c1221264b/python_dateutil-2.9.0.post0-py2.py3-none-any.whl", hash = "sha256:a8b2bc7bffae282281c8140a97d3aa9c14da0b136dfe83f850eea9a5f7470427", size = 229892 },
]

[[package]]
name = "read-material-list"
version = "0.1.0"
source = { virtual = "." }
dependencies = [
    { name = "boto3" },
    { name = "boto3-stubs", extra = ["textract"] },
]

[package.metadata]
requires-dist = [
    { name = "boto3", specifier = ">=1.35.63" },
    { name = "boto3-stubs", extras = ["textract"], specifier = ">=1.35.63" },
]

[[package]]
name = "s3transfer"
version = "0.11.0"
source = { registry = "https://pypi.org/simple" }
dependencies = [
    { name = "botocore" },
]
sdist = { url = "https://files.pythonhosted.org/packages/82/e0/5f98a2974fa8c041848ff1acb657b50546ea1505fc1f50e3424120cee557/s3transfer-0.11.0.tar.gz", hash = "sha256:6563eda054c33bdebef7cbf309488634651c47270d828e594d151cd289fb7cf7", size = 146986 }
wheels = [
    { url = "https://files.pythonhosted.org/packages/19/74/940311734dfbe36bf06ed86e4c367c8fb2b137448762c4724142180411fb/s3transfer-0.11.0-py3-none-any.whl", hash = "sha256:f43b03931c198743569bbfb6a328a53f4b2b4ec723cd7c01fab68e3119db3f8b", size = 84113 },
]

[[package]]
name = "six"
version = "1.17.0"
source = { registry = "https://pypi.org/simple" }
sdist = { url = "https://files.pythonhosted.org/packages/94/e7/b2c673351809dca68a0e064b6af791aa332cf192da575fd474ed7d6f16a2/six-1.17.0.tar.gz", hash = "sha256:ff70335d468e7eb6ec65b95b99d3a2836546063f63acc5171de367e834932a81", size = 34031 }
wheels = [
    { url = "https://files.pythonhosted.org/packages/b7/ce/149a00dd41f10bc29e5921b496af8b574d8413afcd5e30dfa0ed46c2cc5e/six-1.17.0-py2.py3-none-any.whl", hash = "sha256:4721f391ed90541fddacab5acf947aa0d3dc7d27b2e1e8eda2be8970586c3274", size = 11050 },
]

[[package]]
name = "types-awscrt"
version = "0.23.6"
source = { registry = "https://pypi.org/simple" }
sdist = { url = "https://files.pythonhosted.org/packages/dd/97/c62253e8ed65562c67b2138339444cc77507c8ee01c091e02ead1311e4b8/types_awscrt-0.23.6.tar.gz", hash = "sha256:405bce8c281f9e7c6c92a229225cc0bf10d30729a6a601123213389bd524b8b1", size = 15124 }
wheels = [
    { url = "https://files.pythonhosted.org/packages/21/f1/0f0869d35c1b746df98d60016f898eb49db208747a4ed2de81b58f48ecd8/types_awscrt-0.23.6-py3-none-any.whl", hash = "sha256:fbf9c221af5607b24bf17f8431217ce8b9a27917139edbc984891eb63fd5a593", size = 19025 },
]

[[package]]
name = "types-s3transfer"
version = "0.11.0"
source = { registry = "https://pypi.org/simple" }
sdist = { url = "https://files.pythonhosted.org/packages/70/ac/6379dbfa5bdd47034ac2fd14fc24259572b121e6f7ebfb1baa6fed7e2451/types_s3transfer-0.11.0.tar.gz", hash = "sha256:06e5143457d9c16af547f9fc929ffad675f935fbf05bd2810312603d7c81f019", size = 14031 }
wheels = [
    { url = "https://files.pythonhosted.org/packages/f5/c3/4f8ff68fbf960021014a1b11a587e84cd4e1607d00d501bf5d43ea535168/types_s3transfer-0.11.0-py3-none-any.whl", hash = "sha256:923368fad78191fe36a99cab879f479e65f65a1769b75e33db7522d86a8777ea", size = 19478 },
]

[[package]]
name = "urllib3"
version = "2.3.0"
source = { registry = "https://pypi.org/simple" }
sdist = { url = "https://files.pythonhosted.org/packages/aa/63/e53da845320b757bf29ef6a9062f5c669fe997973f966045cb019c3f4b66/urllib3-2.3.0.tar.gz", hash = "sha256:f8c5449b3cf0861679ce7e0503c7b44b5ec981bec0d1d3795a07f1ba96f0204d", size = 307268 }
wheels = [
    { url = "https://files.pythonhosted.org/packages/c8/19/4ec628951a74043532ca2cf5d97b7b14863931476d117c471e8e2b1eb39f/urllib3-2.3.0-py3-none-any.whl", hash = "sha256:1cee9ad369867bfdbbb48b7dd50374c0967a0bb7710050facf0dd6911440e3df", size = 128369 },
]
